dependencies:
  espressif/esp_lcd_gc9a01:
    component_hash: 0a669137fb2e6979d51aa1c3ed5bd3368fe231aa24815e83751a038202d58d32
    source:
      service_url: https://api.components.espressif.com/
      type: service
    version: 1.0.1
  espressif/esp_lcd_ili9341:
    component_hash: 53ec49a96629686cbe26ed79ee9322496ef12a0660d5aa4d6c75f6aeaaecd2f6
    source:
      service_url: https://api.components.espressif.com/
      type: service
    version: 1.0.2
  espressif/esp_lcd_touch:
    component_hash: 805a51c99c8b532ee762a77a03a49b9f5ca2b45413faea63d2146ec85cfcdee2
    source:
      service_url: https://api.components.espressif.com/
      type: service
    version: 1.0.3
  espressif/esp_lcd_touch_cst816s:
    component_hash: 41eeaea549ad6ea322b4d5282bba98ea62831c3dca84ce8c6575f5e0b449f7cb
    source:
      service_url: https://api.components.espressif.com/
      type: service
    version: 1.0.1
  espressif/esp_lcd_touch_stmpe610:
    component_hash: 7d1ccdc55831a62fd01d9801e2d5fb305b253f0a24eae19171a6ba5d2fdd729c
    source:
      service_url: https://api.components.espressif.com/
      type: service
    version: 1.0.4
  idf:
    component_hash: null
    source:
      type: idf
    version: 5.0.1
  lvgl/lvgl:
    component_hash: 7b7ee85e48c2eb35bb242a8c7e0e4cd702e150541afb3f69089fb7ba81554d14
    source:
      service_url: https://api.components.espressif.com/
      type: service
    version: 8.3.0
manifest_hash: 74500f282f2ef5ea017fc739843e5dd0a2b4d035baf20860cf2ee78064b15ff6
target: esp32
version: 1.0.0
